
Microsoft Visual Studio Solution File, Format Version 12.00
# Visual Studio Version 17
VisualStudioVersion = 17.14.37502.11
MinimumVisualStudioVersion = 10.0.40219.1
Project("{FAE04EC0-301F-11D3-BF4B-00C04F79EFBC}") = "Caso_semana7", "Caso_semana7.csproj", "{7EEDACAB-4A34-4AC3-A6AF-2692FD1069C9}"
EndProject
Project("{FAE04EC0-301F-11D3-BF4B-00C04F79EFBC}") = "Desafio.Fundamentos", "..\Desafio.Fundamentos\Desafio.Fundamentos.csproj", "{AAA38E42-06FB-42C2-ADD7-4C4C407B7702}"
EndProject
Global
	GlobalSection(SolutionConfigurationPlatforms) = preSolution
		Debug|Any CPU = Debug|Any CPU
		Release|Any CPU = Release|Any CPU
	EndGlobalSection
	GlobalSection(ProjectConfigurationPlatforms) = postSolution
		{7EEDACAB-4A34-4AC3-A6AF-2692FD1069C9}.Debug|Any CPU.ActiveCfg = Debug|Any CPU
		{7EEDACAB-4A34-4AC3-A6AF-2692FD1069C9}.Debug|Any CPU.Build.0 = Debug|Any CPU
		{7EEDACAB-4A34-4AC3-A6AF-2692FD1069C9}.Release|Any CPU.ActiveCfg = Release|Any CPU
		{7EEDACAB-4A34-4AC3-A6AF-2692FD1069C9}.Release|Any CPU.Build.0 = Release|Any CPU
		{AAA38E42-06FB-42C2-ADD7-4C4C407B7702}.Debug|Any CPU.ActiveCfg = Debug|Any CPU
		{AAA38E42-06FB-42C2-ADD7-4C4C407B7702}.Debug|Any CPU.Build.0 = Debug|Any CPU
		{AAA38E42-06FB-42C2-ADD7-4C4C407B7702}.Release|Any CPU.ActiveCfg = Release|Any CPU
		{AAA38E42-06FB-42C2-ADD7-4C4C407B7702}.Release|Any CPU.Build.0 = Release|Any CPU
	EndGlobalSection
	GlobalSection(SolutionProperties) = preSolution
		HideSolutionNode = FALSE
	EndGlobalSection
	GlobalSection(ExtensibilityGlobals) = postSolution
		SolutionGuid = {226082E6-5C36-433A-9DA8-E29A5596F249}
	EndGlobalSection
EndGlobal
